<Solution>
  <Configurations>
    <Platform Name="x64" />
    <Platform Name="x86" />
  </Configurations>
  <Folder Name="/Labs/">
    <Project Path="Labs/lab1/lab1.vcxproj" Id="cafd4169-bcdf-4849-8a05-2fdd6716bb0d" />
  </Folder>
  <Folder Name="/Practices/">
    <Project Path="Practices/pz1/pz1.vcxproj" Id="b3f9f128-c78a-44c0-bc9f-68542fec7654" />
    <Project Path="Practices/pz2/pz2.vcxproj" Id="3ab820d3-e61e-457e-9361-49c00d0f21bf" />
    <Project Path="Practices/pz3/pz3.vcxproj" Id="c57917b2-8902-4671-b9b5-318414ab1b8c" />
    <Project Path="Practices/pz4/pz4.vcxproj" Id="9dc1ea97-0589-49a0-a280-5af18c0d25f4" />
    <Project Path="Practices/pz5/pz5.vcxproj" Id="020a3357-be5c-4d33-aa27-f99fe8a8f32d" />
    <Project Path="Practices/pz8/pz8.vcxproj" Id="ec7d4a58-9c2c-4c1b-964f-bbacb1e22127" />
  </Folder>
  <Folder Name="/Practices/pz6/">
    <Project Path="Practices/pz6/mymath/mymath.vcxproj" Id="caf96d73-cb90-4295-a009-0632307f8e72" />
    <Project Path="Practices/pz6/testDynamic/testDynamic.vcxproj" Id="b3b29695-29d6-4c8d-9f84-4f5395ee171a" />
    <Project Path="Practices/pz6/testStatic/testStatic.vcxproj" Id="47d60fd2-191f-49a3-a576-947d5e328776" />
  </Folder>
  <Folder Name="/Practices/pz7/">
    <Project Path="Practices/pz7/CheckSumCalc/CheckSumCalc.vcxproj" Id="3e7bbd29-4058-488c-a2d2-00b5dab62efd" />
    <Project Path="Practices/pz7/Main/Main.vcxproj" Id="3d15acfe-89da-4203-86cb-519f54cca55b" />
    <Project Path="Practices/pz7/MathDLL/MathDLL.vcxproj" Id="5604eb08-7913-4561-9f9d-1d842220c034" />
  </Folder>
</Solution>
