<Solution>
  <Configurations>
    <Platform Name="x64" />
    <Platform Name="x86" />
  </Configurations>
  <Folder Name="/Labs/" />
  <Folder Name="/Practices/">
    <Project Path="Practices/pz1/pz1.vcxproj" Id="b3f9f128-c78a-44c0-bc9f-68542fec7654" />
    <Project Path="pz2/pz2.vcxproj" Id="fc33454a-e072-4d9a-91fc-a301b751e811" />
  </Folder>
</Solution>
